
Microsoft Visual Studio Solution File, Format Version 12.00
Project("{FAE04EC0-301F-11D3-BF4B-00C04F79EFBC}") = "TesteEstagio", "TesteEstagio.csproj", "{5A646FBF-4E2B-4DA6-9343-C2D6176B3482}"
EndProject
Global
	GlobalSection(SolutionConfigurationPlatforms) = preSolution
		Debug|Any CPU = Debug|Any CPU
		Release|Any CPU = Release|Any CPU
	EndGlobalSection
	GlobalSection(ProjectConfigurationPlatforms) = postSolution
		{5A646FBF-4E2B-4DA6-9343-C2D6176B3482}.Debug|Any CPU.ActiveCfg = Debug|Any CPU
		{5A646FBF-4E2B-4DA6-9343-C2D6176B3482}.Debug|Any CPU.Build.0 = Debug|Any CPU
		{5A646FBF-4E2B-4DA6-9343-C2D6176B3482}.Release|Any CPU.ActiveCfg = Release|Any CPU
		{5A646FBF-4E2B-4DA6-9343-C2D6176B3482}.Release|Any CPU.Build.0 = Release|Any CPU
	EndGlobalSection
EndGlobal
